
Microsoft Visual Studio Solution File, Format Version 12.00
# Visual Studio Version 16
VisualStudioVersion = 16.0.30523.141
MinimumVisualStudioVersion = 10.0.40219.1
Project("{FAE04EC0-301F-11D3-BF4B-00C04F79EFBC}") = "BoP_SYS", "BoP_SYS.csproj", "{ECA41BCD-240B-43A6-B127-42A514DACA54}"
EndProject
Global
	GlobalSection(SolutionConfigurationPlatforms) = preSolution
		Debug|Any CPU = Debug|Any CPU
		Release|Any CPU = Release|Any CPU
	EndGlobalSection
	GlobalSection(ProjectConfigurationPlatforms) = postSolution
		{ECA41BCD-240B-43A6-B127-42A514DACA54}.Debug|Any CPU.ActiveCfg = Debug|Any CPU
		{ECA41BCD-240B-43A6-B127-42A514DACA54}.Debug|Any CPU.Build.0 = Debug|Any CPU
		{ECA41BCD-240B-43A6-B127-42A514DACA54}.Release|Any CPU.ActiveCfg = Release|Any CPU
		{ECA41BCD-240B-43A6-B127-42A514DACA54}.Release|Any CPU.Build.0 = Release|Any CPU
	EndGlobalSection
	GlobalSection(SolutionProperties) = preSolution
		HideSolutionNode = FALSE
	EndGlobalSection
	GlobalSection(ExtensibilityGlobals) = postSolution
		SolutionGuid = {FABDCD7B-9B49-415F-9A3A-4588549C6E09}
	EndGlobalSection
EndGlobal
